
Microsoft Visual Studio Solution File, Format Version 12.00
# Visual Studio 14
VisualStudioVersion = 14.0.25420.1
MinimumVisualStudioVersion = 10.0.40219.1
Project("{FAE04EC0-301F-11D3-BF4B-00C04F79EFBC}") = "UserInterface", "UserInterface\UserInterface.csproj", "{2524B5EE-8AF4-4D2F-B4DC-12EFBFB1F3EA}"
EndProject
Project("{FAE04EC0-301F-11D3-BF4B-00C04F79EFBC}") = "DataAccess", "DataAccess\DataAccess.csproj", "{F38609D4-DF44-49BD-9A8E-E99862480923}"
EndProject
Global
	GlobalSection(SolutionConfigurationPlatforms) = preSolution
		Debug|Any CPU = Debug|Any CPU
		Release|Any CPU = Release|Any CPU
	EndGlobalSection
	GlobalSection(ProjectConfigurationPlatforms) = postSolution
		{2524B5EE-8AF4-4D2F-B4DC-12EFBFB1F3EA}.Debug|Any CPU.ActiveCfg = Debug|Any CPU
		{2524B5EE-8AF4-4D2F-B4DC-12EFBFB1F3EA}.Debug|Any CPU.Build.0 = Debug|Any CPU
		{2524B5EE-8AF4-4D2F-B4DC-12EFBFB1F3EA}.Release|Any CPU.ActiveCfg = Release|Any CPU
		{2524B5EE-8AF4-4D2F-B4DC-12EFBFB1F3EA}.Release|Any CPU.Build.0 = Release|Any CPU
		{F38609D4-DF44-49BD-9A8E-E99862480923}.Debug|Any CPU.ActiveCfg = Debug|Any CPU
		{F38609D4-DF44-49BD-9A8E-E99862480923}.Debug|Any CPU.Build.0 = Debug|Any CPU
		{F38609D4-DF44-49BD-9A8E-E99862480923}.Release|Any CPU.ActiveCfg = Release|Any CPU
		{F38609D4-DF44-49BD-9A8E-E99862480923}.Release|Any CPU.Build.0 = Release|Any CPU
	EndGlobalSection
	GlobalSection(SolutionProperties) = preSolution
		HideSolutionNode = FALSE
	EndGlobalSection
EndGlobal
